schema: '2.0'
stages:
  initialize_MPRester:
    cmd: zntrack run mlipx.nodes.mp_api.MPRester --name initialize_MPRester
    params:
      params.yaml:
        initialize_MPRester:
          search_kwargs:
            material_ids:
            - mp-1143
    outs:
    - path: nodes/initialize/MPRester/frames.xyz
      hash: md5
      md5: b2aa0fb43e0b26ef88bedc082a0a2325
      size: 866
    - path: nodes/initialize/MPRester/node-meta.json
      hash: md5
      md5: 4f6d9dc7b6e2c7a9e178509f8c6d81d6
      size: 64
  sevennet_0_EnergyVolumeCurve:
    cmd: zntrack run mlipx.nodes.energy_volume.EnergyVolumeCurve --name sevennet_0_EnergyVolumeCurve
    deps:
    - path: nodes/initialize/MPRester/frames.xyz
      hash: md5
      md5: b2aa0fb43e0b26ef88bedc082a0a2325
      size: 866
    params:
      params.yaml:
        sevennet_0_EnergyVolumeCurve:
          data_id: -1
          model:
            _cls: mlipx.nodes.generic_ase.GenericASECalculator
            class_name: SevenNetCalculator
            device: auto
            kwargs:
              model: 7net-0
            module: sevenn.sevennet_calculator
          n_points: 50
          start: 0.8
          stop: 2.0
    outs:
    - path: nodes/sevennet/0/EnergyVolumeCurve/frames.xyz
      hash: md5
      md5: c082dd2fc9b6c664d0ef3631e3bb4626
      size: 96067
    - path: nodes/sevennet/0/EnergyVolumeCurve/node-meta.json
      hash: md5
      md5: 58f0a46b09a54d60f9706bdbbc3bb011
      size: 64
    - path: nodes/sevennet/0/EnergyVolumeCurve/results.csv
      hash: md5
      md5: 0a1bb9e4a7f569875c4f38d00bd6a5ee
      size: 3499
  orb_v2_0_EnergyVolumeCurve:
    cmd: zntrack run mlipx.nodes.energy_volume.EnergyVolumeCurve --name orb_v2_0_EnergyVolumeCurve
    deps:
    - path: nodes/initialize/MPRester/frames.xyz
      hash: md5
      md5: b2aa0fb43e0b26ef88bedc082a0a2325
      size: 866
    params:
      params.yaml:
        orb_v2_0_EnergyVolumeCurve:
          data_id: -1
          model:
            _cls: models.OrbCalc
            device: auto
            name: orb_v2
          n_points: 50
          start: 0.8
          stop: 2.0
    outs:
    - path: nodes/orb_v2/0/EnergyVolumeCurve/frames.xyz
      hash: md5
      md5: 54f3419a984669d688d290225bf49b8b
      size: 87197
    - path: nodes/orb_v2/0/EnergyVolumeCurve/node-meta.json
      hash: md5
      md5: 74bc853feeb012f97101fbf252718aa0
      size: 64
    - path: nodes/orb_v2/0/EnergyVolumeCurve/results.csv
      hash: md5
      md5: 9d5cf35632e2f82b14521af9f831fc03
      size: 3518
  chgnet_0_EnergyVolumeCurve:
    cmd: zntrack run mlipx.nodes.energy_volume.EnergyVolumeCurve --name chgnet_0_EnergyVolumeCurve
    deps:
    - path: nodes/initialize/MPRester/frames.xyz
      hash: md5
      md5: b2aa0fb43e0b26ef88bedc082a0a2325
      size: 866
    params:
      params.yaml:
        chgnet_0_EnergyVolumeCurve:
          data_id: -1
          model:
            _cls: mlipx.nodes.generic_ase.GenericASECalculator
            class_name: CHGNetCalculator
            device:
            kwargs:
            module: chgnet.model
          n_points: 50
          start: 0.8
          stop: 2.0
    outs:
    - path: nodes/chgnet/0/EnergyVolumeCurve/frames.xyz
      hash: md5
      md5: 79d25579a42e95a8666b22b493a11b0a
      size: 96049
    - path: nodes/chgnet/0/EnergyVolumeCurve/node-meta.json
      hash: md5
      md5: d9b126de50955ea013304476a8d4f32a
      size: 64
    - path: nodes/chgnet/0/EnergyVolumeCurve/results.csv
      hash: md5
      md5: 7a90b4ca15c76fde15b0b7b526f4bf48
      size: 3492
  mace_mp_0_EnergyVolumeCurve:
    cmd: zntrack run mlipx.nodes.energy_volume.EnergyVolumeCurve --name mace_mp_0_EnergyVolumeCurve
    deps:
    - path: nodes/initialize/MPRester/frames.xyz
      hash: md5
      md5: b2aa0fb43e0b26ef88bedc082a0a2325
      size: 866
    params:
      params.yaml:
        mace_mp_0_EnergyVolumeCurve:
          data_id: -1
          model:
            _cls: mlipx.nodes.generic_ase.GenericASECalculator
            class_name: mace_mp
            device: auto
            kwargs:
              model: medium
            module: mace.calculators
          n_points: 50
          start: 0.8
          stop: 2.0
    outs:
    - path: nodes/mace_mp/0/EnergyVolumeCurve/frames.xyz
      hash: md5
      md5: d43e6bf8a11006ed549893c184c52309
      size: 86940
    - path: nodes/mace_mp/0/EnergyVolumeCurve/node-meta.json
      hash: md5
      md5: c58c00f4aa9538aa319be7fcc3bc122b
      size: 64
    - path: nodes/mace_mp/0/EnergyVolumeCurve/results.csv
      hash: md5
      md5: fa8b44ba9924d82a0487acc3e2f55a68
      size: 3509
