schema: '2.0'
stages:
  initialize_MPRester:
    cmd: zntrack run mlipx.nodes.mp_api.MPRester --name initialize_MPRester
    params:
      params.yaml:
        initialize_MPRester:
          search_kwargs:
            material_ids:
            - mp-1143
    outs:
    - path: nodes/initialize/MPRester/frames.xyz
      hash: md5
      md5: b2aa0fb43e0b26ef88bedc082a0a2325
      size: 866
    - path: nodes/initialize/MPRester/node-meta.json
      hash: md5
      md5: 4f6d9dc7b6e2c7a9e178509f8c6d81d6
      size: 64
  chgnet_0_VibrationalAnalysis:
    cmd: zntrack run mlipx.nodes.vibrational_analysis.VibrationalAnalysis --name chgnet_0_VibrationalAnalysis
    deps:
    - path: nodes/initialize/MPRester/frames.xyz
      hash: md5
      md5: b2aa0fb43e0b26ef88bedc082a0a2325
      size: 866
    params:
      params.yaml:
        chgnet_0_VibrationalAnalysis:
          calc_type:
          displacement: 0.015
          free_indices:
          lower_freq_threshold: 12
          model:
            _cls: mlipx.nodes.generic_ase.GenericASECalculator
            class_name: CHGNetCalculator
            device:
            kwargs:
            module: chgnet.model
          nfree: 4
          system: other
          temperature: 298.15
    outs:
    - path: nodes/chgnet/0/VibrationalAnalysis/frames.xyz
      hash: md5
      md5: 86af392ca6a2dd6cf6c419b439fa2109
      size: 2164
    - path: nodes/chgnet/0/VibrationalAnalysis/modes
      hash: md5
      md5: 834aa721c21fc2731525e8177bd659a3.dir
      size: 710760
      nfiles: 30
    - path: nodes/chgnet/0/VibrationalAnalysis/modes.xyz
      hash: md5
      md5: 6fcfdcbc71e73dca231a606c0f03d020
      size: 779400
    - path: nodes/chgnet/0/VibrationalAnalysis/node-meta.json
      hash: md5
      md5: 387a1eb97d3a8facf69c0e04e320f4ab
      size: 64
    - path: nodes/chgnet/0/VibrationalAnalysis/results.csv
      hash: md5
      md5: 7459d7b74f39359661f019ea9227fd92
      size: 34
    - path: nodes/chgnet/0/VibrationalAnalysis/vib
      hash: md5
      md5: ff9ce7314f5dce930268da7d60a40baf.dir
      size: 86338
      nfiles: 121
  sevennet_0_VibrationalAnalysis:
    cmd: zntrack run mlipx.nodes.vibrational_analysis.VibrationalAnalysis --name sevennet_0_VibrationalAnalysis
    deps:
    - path: nodes/initialize/Smiles2Conformers/frames.xyz
      hash: md5
      md5: 8aaaf93d21613c36e976fb04fc5dbd58
      size: 369
    params:
      params.yaml:
        sevennet_0_VibrationalAnalysis:
          calc_type:
          displacement: 0.015
          free_indices:
          lower_freq_threshold: 12
          model:
            _cls: mlipx.nodes.generic_ase.GenericASECalculator
            class_name: SevenNetCalculator
            device: auto
            kwargs:
              model: 7net-0
            module: sevenn.sevennet_calculator
          nfree: 4
          system: molecule
          temperature: 298.15
    outs:
    - path: nodes/sevennet/0/VibrationalAnalysis/frames.xyz
      hash: md5
      md5: 7b6f4b0bb1acc8bc7dee756649ee3e7c
      size: 1372
    - path: nodes/sevennet/0/VibrationalAnalysis/modes
      hash: md5
      md5: 57d89d2e315bcc43f38720902f3ed2f3.dir
      size: 262476
      nfiles: 18
    - path: nodes/sevennet/0/VibrationalAnalysis/modes.xyz
      hash: md5
      md5: dda09e208e106ac156e8ee4d7bf11d5a
      size: 199260
    - path: nodes/sevennet/0/VibrationalAnalysis/node-meta.json
      hash: md5
      md5: 8745cf8d31985db0e9c66fb4718cb64f
      size: 64
    - path: nodes/sevennet/0/VibrationalAnalysis/results.csv
      hash: md5
      md5: 10fdf2e44438719d2558a7f3081077b9
      size: 34
    - path: nodes/sevennet/0/VibrationalAnalysis/vib
      hash: md5
      md5: 30a227a78fcb8249dade62361bcb729d.dir
      size: 31386
      nfiles: 73
  orb_v2_0_VibrationalAnalysis:
    cmd: zntrack run mlipx.nodes.vibrational_analysis.VibrationalAnalysis --name orb_v2_0_VibrationalAnalysis
    deps:
    - path: nodes/initialize/MPRester/frames.xyz
      hash: md5
      md5: b2aa0fb43e0b26ef88bedc082a0a2325
      size: 866
    params:
      params.yaml:
        orb_v2_0_VibrationalAnalysis:
          calc_type:
          displacement: 0.015
          free_indices:
          lower_freq_threshold: 12
          model:
            _cls: models.OrbCalc
            device: auto
            name: orb_v2
          nfree: 4
          system: other
          temperature: 298.15
    outs:
    - path: nodes/orb_v2/0/VibrationalAnalysis/frames.xyz
      hash: md5
      md5: 7ebcdbce30d2a840d85ae1f406508cf1
      size: 1981
    - path: nodes/orb_v2/0/VibrationalAnalysis/modes
      hash: md5
      md5: 79b8041b4aba5463c39fe41cc28af5ec.dir
      size: 710760
      nfiles: 30
    - path: nodes/orb_v2/0/VibrationalAnalysis/modes.xyz
      hash: md5
      md5: aa53b5bf070950881907d90bb8dbea1b
      size: 779400
    - path: nodes/orb_v2/0/VibrationalAnalysis/node-meta.json
      hash: md5
      md5: f601a99c975fd2221a49a4f478f8a1af
      size: 64
    - path: nodes/orb_v2/0/VibrationalAnalysis/results.csv
      hash: md5
      md5: 94569fc71613ee36137506f5e0d89efc
      size: 35
    - path: nodes/orb_v2/0/VibrationalAnalysis/vib
      hash: md5
      md5: 49ee30730e525e1c2a3d044b44ed9be7.dir
      size: 86847
      nfiles: 121
  mace_mp_0_VibrationalAnalysis:
    cmd: zntrack run mlipx.nodes.vibrational_analysis.VibrationalAnalysis --name mace_mp_0_VibrationalAnalysis
    deps:
    - path: nodes/initialize/MPRester/frames.xyz
      hash: md5
      md5: b2aa0fb43e0b26ef88bedc082a0a2325
      size: 866
    params:
      params.yaml:
        mace_mp_0_VibrationalAnalysis:
          calc_type:
          displacement: 0.015
          free_indices:
          lower_freq_threshold: 12
          model:
            _cls: mlipx.nodes.generic_ase.GenericASECalculator
            class_name: mace_mp
            device: auto
            kwargs:
              model: medium
            module: mace.calculators
          nfree: 4
          system: other
          temperature: 298.15
    outs:
    - path: nodes/mace_mp/0/VibrationalAnalysis/frames.xyz
      hash: md5
      md5: 726c0b46423dc6fefd099e1f2f0b58c1
      size: 1982
    - path: nodes/mace_mp/0/VibrationalAnalysis/modes
      hash: md5
      md5: 95f11a21830499f8baa65d218ad0e9dd.dir
      size: 710760
      nfiles: 30
    - path: nodes/mace_mp/0/VibrationalAnalysis/modes.xyz
      hash: md5
      md5: fcd6c048261b9ffd9068b1d9dd5407a3
      size: 779400
    - path: nodes/mace_mp/0/VibrationalAnalysis/node-meta.json
      hash: md5
      md5: 56f46985573e4cbb1c0c68f31774cfb4
      size: 64
    - path: nodes/mace_mp/0/VibrationalAnalysis/results.csv
      hash: md5
      md5: 143b3930e71a728ba0e59024b84984ac
      size: 34
    - path: nodes/mace_mp/0/VibrationalAnalysis/vib
      hash: md5
      md5: 52c69ca4e63295b7bb34b7af0dce6a9e.dir
      size: 85556
      nfiles: 121
  initialize_Smiles2Conformers_2:
    cmd: zntrack run mlipx.nodes.smiles.Smiles2Conformers --name initialize_Smiles2Conformers_2
    params:
      params.yaml:
        initialize_Smiles2Conformers_2:
          max_attempts: 1000
          num_confs: 1
          random_seed: 42
          smiles: CCCO
    outs:
    - path: nodes/initialize/Smiles2Conformers_2/frames.xyz
      hash: md5
      md5: a76929bb06b25f306ced9d308a3aba20
      size: 694
    - path: nodes/initialize/Smiles2Conformers_2/node-meta.json
      hash: md5
      md5: af3eec859c5d5313002fd87cc874efb9
      size: 64
  initialize_Smiles2Conformers:
    cmd: zntrack run mlipx.nodes.smiles.Smiles2Conformers --name initialize_Smiles2Conformers
    params:
      params.yaml:
        initialize_Smiles2Conformers:
          max_attempts: 1000
          num_confs: 1
          random_seed: 42
          smiles: CO
    outs:
    - path: nodes/initialize/Smiles2Conformers/frames.xyz
      hash: md5
      md5: 8aaaf93d21613c36e976fb04fc5dbd58
      size: 369
    - path: nodes/initialize/Smiles2Conformers/node-meta.json
      hash: md5
      md5: a2dec272b6f570ee244ce9d0b2d97382
      size: 64
  initialize_Smiles2Conformers_3:
    cmd: zntrack run mlipx.nodes.smiles.Smiles2Conformers --name initialize_Smiles2Conformers_3
    params:
      params.yaml:
        initialize_Smiles2Conformers_3:
          max_attempts: 1000
          num_confs: 1
          random_seed: 42
          smiles: CCCCO
    outs:
    - path: nodes/initialize/Smiles2Conformers_3/frames.xyz
      hash: md5
      md5: 915327424112f9b99cb5971c59b20842
      size: 856
    - path: nodes/initialize/Smiles2Conformers_3/node-meta.json
      hash: md5
      md5: f109eaa39a70add87d804334e5b2148f
      size: 64
  initialize_Smiles2Conformers_1:
    cmd: zntrack run mlipx.nodes.smiles.Smiles2Conformers --name initialize_Smiles2Conformers_1
    params:
      params.yaml:
        initialize_Smiles2Conformers_1:
          max_attempts: 1000
          num_confs: 1
          random_seed: 42
          smiles: CCO
    outs:
    - path: nodes/initialize/Smiles2Conformers_1/frames.xyz
      hash: md5
      md5: f2aa9aaa4c216155e3cbbf82fdbe2f53
      size: 531
    - path: nodes/initialize/Smiles2Conformers_1/node-meta.json
      hash: md5
      md5: e012bc81bde824a49d715cb3a6b028d8
      size: 64
  mace_mp_1_VibrationalAnalysis:
    cmd: zntrack run mlipx.nodes.vibrational_analysis.VibrationalAnalysis --name mace_mp_1_VibrationalAnalysis
    deps:
    - path: nodes/initialize/Smiles2Conformers_1/frames.xyz
      hash: md5
      md5: f2aa9aaa4c216155e3cbbf82fdbe2f53
      size: 531
    params:
      params.yaml:
        mace_mp_1_VibrationalAnalysis:
          calc_type:
          displacement: 0.015
          free_indices:
          lower_freq_threshold: 12
          model:
            _cls: mlipx.nodes.generic_ase.GenericASECalculator
            class_name: mace_mp
            device: auto
            kwargs:
              model: medium
            module: mace.calculators
          nfree: 4
          system: molecule
          temperature: 298.15
    outs:
    - path: nodes/mace_mp/1/VibrationalAnalysis/frames.xyz
      hash: md5
      md5: 439ef4371b3f025f0fa39aca12f51fea
      size: 1599
    - path: nodes/mace_mp/1/VibrationalAnalysis/modes
      hash: md5
      md5: 72f6c69150a239121452e97f547459ef.dir
      size: 471474
      nfiles: 27
    - path: nodes/mace_mp/1/VibrationalAnalysis/modes.xyz
      hash: md5
      md5: 6a4db14674ddeb38ee8f5bdb79af7bad
      size: 430110
    - path: nodes/mace_mp/1/VibrationalAnalysis/node-meta.json
      hash: md5
      md5: d20c994b7b5756cd9ab9e706ca645fc6
      size: 64
    - path: nodes/mace_mp/1/VibrationalAnalysis/results.csv
      hash: md5
      md5: c9c599fe0d713e3553a20cd0d3f836a3
      size: 34
    - path: nodes/mace_mp/1/VibrationalAnalysis/vib
      hash: md5
      md5: a78d9bb23e969510d9d5a96c3082c551.dir
      size: 66611
      nfiles: 109
  sevennet_VibrationalAnalysis:
    cmd: zntrack run mlipx.nodes.vibrational_analysis.VibrationalAnalysis --name sevennet_VibrationalAnalysis
    deps:
    - path: nodes/initialize/Smiles2Conformers/frames.xyz
      hash: md5
      md5: 8aaaf93d21613c36e976fb04fc5dbd58
      size: 369
    - path: nodes/initialize/Smiles2Conformers_1/frames.xyz
      hash: md5
      md5: f2aa9aaa4c216155e3cbbf82fdbe2f53
      size: 531
    - path: nodes/initialize/Smiles2Conformers_2/frames.xyz
      hash: md5
      md5: a76929bb06b25f306ced9d308a3aba20
      size: 694
    - path: nodes/initialize/Smiles2Conformers_3/frames.xyz
      hash: md5
      md5: 915327424112f9b99cb5971c59b20842
      size: 856
    params:
      params.yaml:
        sevennet_VibrationalAnalysis:
          calc_type:
          displacement: 0.015
          free_indices:
          lower_freq_threshold: 12
          model:
            _cls: mlipx.nodes.generic_ase.GenericASECalculator
            class_name: SevenNetCalculator
            device: auto
            kwargs:
              model: 7net-0
            module: sevenn.sevennet_calculator
          nfree: 4
          system: molecule
          temperature: 298.15
    outs:
    - path: nodes/sevennet/VibrationalAnalysis/frames.xyz
      hash: md5
      md5: be492c37015a2c236559de07655d8435
      size: 7652
    - path: nodes/sevennet/VibrationalAnalysis/modes
      hash: md5
      md5: af47f65a08dbb9d2301ccc0f4dd600ad.dir
      size: 2512062
      nfiles: 126
    - path: nodes/sevennet/VibrationalAnalysis/modes.xyz
      hash: md5
      md5: 9040fa6efe899bcdf3f4655d8ba9ee6b
      size: 2534490
    - path: nodes/sevennet/VibrationalAnalysis/node-meta.json
      hash: md5
      md5: e829c6f8575cad3758bec5cd6a102992
      size: 64
    - path: nodes/sevennet/VibrationalAnalysis/results.csv
      hash: md5
      md5: 01a015e1ed97e820b70c809d4e8edb2c
      size: 102
    - path: nodes/sevennet/VibrationalAnalysis/vib
      hash: md5
      md5: b1970e25161cb2b0e3e35d1fd2efd83c.dir
      size: 394343
      nfiles: 508
  orb_v2_VibrationalAnalysis:
    cmd: zntrack run mlipx.nodes.vibrational_analysis.VibrationalAnalysis --name orb_v2_VibrationalAnalysis
    deps:
    - path: nodes/initialize/Smiles2Conformers/frames.xyz
      hash: md5
      md5: 8aaaf93d21613c36e976fb04fc5dbd58
      size: 369
    - path: nodes/initialize/Smiles2Conformers_1/frames.xyz
      hash: md5
      md5: f2aa9aaa4c216155e3cbbf82fdbe2f53
      size: 531
    - path: nodes/initialize/Smiles2Conformers_2/frames.xyz
      hash: md5
      md5: a76929bb06b25f306ced9d308a3aba20
      size: 694
    - path: nodes/initialize/Smiles2Conformers_3/frames.xyz
      hash: md5
      md5: 915327424112f9b99cb5971c59b20842
      size: 856
    params:
      params.yaml:
        orb_v2_VibrationalAnalysis:
          calc_type:
          displacement: 0.015
          free_indices:
          lower_freq_threshold: 12
          model:
            _cls: models.OrbCalc
            device: auto
            name: orb_v2
          nfree: 4
          system: molecule
          temperature: 298.15
    outs:
    - path: nodes/orb_v2/VibrationalAnalysis/frames.xyz
      hash: md5
      md5: 8b0377ae2ec62c81156d1f67fb46ce1a
      size: 7009
    - path: nodes/orb_v2/VibrationalAnalysis/modes
      hash: md5
      md5: 6ee53adbc38408ec19e2cff8732d63dd.dir
      size: 2512062
      nfiles: 126
    - path: nodes/orb_v2/VibrationalAnalysis/modes.xyz
      hash: md5
      md5: 417d9fbef94b399d901298ee08c34842
      size: 2534490
    - path: nodes/orb_v2/VibrationalAnalysis/node-meta.json
      hash: md5
      md5: 122f35b7e776b308b7cd25d9a0e6abd6
      size: 64
    - path: nodes/orb_v2/VibrationalAnalysis/results.csv
      hash: md5
      md5: c3374d56f91277923fa663cea0c45ade
      size: 101
    - path: nodes/orb_v2/VibrationalAnalysis/vib
      hash: md5
      md5: 32d9c504ed991bddb91482d09cb7ae27.dir
      size: 395239
      nfiles: 508
  mace_mp_VibrationalAnalysis:
    cmd: zntrack run mlipx.nodes.vibrational_analysis.VibrationalAnalysis --name mace_mp_VibrationalAnalysis
    deps:
    - path: nodes/initialize/Smiles2Conformers/frames.xyz
      hash: md5
      md5: 8aaaf93d21613c36e976fb04fc5dbd58
      size: 369
    - path: nodes/initialize/Smiles2Conformers_1/frames.xyz
      hash: md5
      md5: f2aa9aaa4c216155e3cbbf82fdbe2f53
      size: 531
    - path: nodes/initialize/Smiles2Conformers_2/frames.xyz
      hash: md5
      md5: a76929bb06b25f306ced9d308a3aba20
      size: 694
    - path: nodes/initialize/Smiles2Conformers_3/frames.xyz
      hash: md5
      md5: 915327424112f9b99cb5971c59b20842
      size: 856
    params:
      params.yaml:
        mace_mp_VibrationalAnalysis:
          calc_type:
          displacement: 0.015
          free_indices:
          lower_freq_threshold: 12
          model:
            _cls: mlipx.nodes.generic_ase.GenericASECalculator
            class_name: mace_mp
            device: auto
            kwargs:
              model: medium
            module: mace.calculators
          nfree: 4
          system: molecule
          temperature: 298.15
    outs:
    - path: nodes/mace_mp/VibrationalAnalysis/frames.xyz
      hash: md5
      md5: b4b89328b0b8ac424e29eea435336ea9
      size: 7007
    - path: nodes/mace_mp/VibrationalAnalysis/modes
      hash: md5
      md5: 14ca14317438a9d95716c4f2708aa71f.dir
      size: 2512062
      nfiles: 126
    - path: nodes/mace_mp/VibrationalAnalysis/modes.xyz
      hash: md5
      md5: b5cf950deed6538a25fcccb46f483408
      size: 2534490
    - path: nodes/mace_mp/VibrationalAnalysis/node-meta.json
      hash: md5
      md5: 0219d18b0e0daab3d1ccc36d488057ba
      size: 64
    - path: nodes/mace_mp/VibrationalAnalysis/results.csv
      hash: md5
      md5: 47bd70295d3017c978a922ede8e6b124
      size: 102
    - path: nodes/mace_mp/VibrationalAnalysis/vib
      hash: md5
      md5: 2efa19253eb1753873361eed731b4d08.dir
      size: 394307
      nfiles: 508
  mattersim_VibrationalAnalysis:
    cmd: zntrack run mlipx.nodes.vibrational_analysis.VibrationalAnalysis --name mattersim_VibrationalAnalysis
    deps:
    - path: nodes/initialize/Smiles2Conformers/frames.xyz
      hash: md5
      md5: 8aaaf93d21613c36e976fb04fc5dbd58
      size: 369
    - path: nodes/initialize/Smiles2Conformers_1/frames.xyz
      hash: md5
      md5: f2aa9aaa4c216155e3cbbf82fdbe2f53
      size: 531
    - path: nodes/initialize/Smiles2Conformers_2/frames.xyz
      hash: md5
      md5: a76929bb06b25f306ced9d308a3aba20
      size: 694
    - path: nodes/initialize/Smiles2Conformers_3/frames.xyz
      hash: md5
      md5: 915327424112f9b99cb5971c59b20842
      size: 856
    params:
      params.yaml:
        mattersim_VibrationalAnalysis:
          calc_type:
          displacement: 0.015
          free_indices:
          lower_freq_threshold: 12
          model:
            _cls: mlipx.nodes.generic_ase.GenericASECalculator
            class_name: MatterSimCalculator
            device: auto
            kwargs:
            module: mattersim.forcefield
          nfree: 4
          system: molecule
          temperature: 298.15
    outs:
    - path: nodes/mattersim/VibrationalAnalysis/frames.xyz
      hash: md5
      md5: e3ca9cce4a8de2713d486c1a8d03b4d5
      size: 7006
    - path: nodes/mattersim/VibrationalAnalysis/modes
      hash: md5
      md5: c56a2a9985472f9205bab5d55f5dd889.dir
      size: 2512062
      nfiles: 126
    - path: nodes/mattersim/VibrationalAnalysis/modes.xyz
      hash: md5
      md5: be6dfebc62ddad00f63f17449c997705
      size: 2534490
    - path: nodes/mattersim/VibrationalAnalysis/node-meta.json
      hash: md5
      md5: 517e70a191de68dff8abea9d546a1f1c
      size: 64
    - path: nodes/mattersim/VibrationalAnalysis/results.csv
      hash: md5
      md5: 07e28ac51d3e6b3e5ecced93af4af017
      size: 101
    - path: nodes/mattersim/VibrationalAnalysis/vib
      hash: md5
      md5: 62fc9e777dbbb6e00462944d51fd84ec.dir
      size: 394158
      nfiles: 508
