schema: '2.0'
stages:
  initialize_LoadDataFile:
    cmd: zntrack run mlipx.nodes.io.LoadDataFile --name initialize_LoadDataFile
    deps:
    - path: ../data/DFT_ads_dft_wphonon_info.xyz
      hash: md5
      md5: cd9e5d18a8ac915cfff2d803dd3bfd84
      size: 127239
      isexec: true
    params:
      params.yaml:
        initialize_LoadDataFile:
          start: 0
          step: 1
          stop:
    outs:
    - path: nodes/initialize/LoadDataFile/node-meta.json
      hash: md5
      md5: 76e3e392f662b4a133d11ef4abd7ae97
      size: 64
      isexec: true
  7net_VibrationalAnalysis:
    cmd: zntrack run mlipx.nodes.vibrational_analysis.VibrationalAnalysis --name 7net_VibrationalAnalysis
    deps:
    - path: nodes/initialize/LoadDataFile/node-meta.json
      hash: md5
      md5: 76e3e392f662b4a133d11ef4abd7ae97
      size: 64
      isexec: true
    params:
      params.yaml:
        7net_VibrationalAnalysis:
          displacement: 0.015
          lower_freq_threshold: 12
          model:
            _cls: mlipx.nodes.generic_ase.GenericASECalculator
            class_name: SevenNetCalculator
            device: auto
            kwargs:
              model: 7net-0
            module: sevenn.sevennet_calculator
          nfree: 4
    outs:
    - path: nodes/7net/VibrationalAnalysis/frames.xyz
      hash: md5
      md5: dec7928ca84e2375751bb27b530c60a3
      size: 145680
      isexec: true
    - path: nodes/7net/VibrationalAnalysis/modes
      hash: md5
      md5: 47e196ba730f39b0723382176e0245b1.dir
      size: 43725150
      nfiles: 420
    - path: nodes/7net/VibrationalAnalysis/modes.xyz
      hash: md5
      md5: ab0d87c47bc3b834287c7e2c9af473ee
      size: 58757580
      isexec: true
    - path: nodes/7net/VibrationalAnalysis/node-meta.json
      hash: md5
      md5: 769d8ec91393bcfedd87f8e25b0a048d
      size: 64
      isexec: true
    - path: nodes/7net/VibrationalAnalysis/results.csv
      hash: md5
      md5: 2c08be52019af30633460f8b58a36a00
      size: 242
      isexec: true
    - path: nodes/7net/VibrationalAnalysis/vib
      hash: md5
      md5: dc935df435935ed0d55eab1692af5292.dir
      size: 8848929
      nfiles: 1690
  mace_agne_VibrationalAnalysis:
    cmd: zntrack run mlipx.nodes.vibrational_analysis.VibrationalAnalysis --name mace_agne_VibrationalAnalysis
    deps:
    - path: nodes/initialize/LoadDataFile/node-meta.json
      hash: md5
      md5: 76e3e392f662b4a133d11ef4abd7ae97
      size: 64
      isexec: true
    params:
      params.yaml:
        mace_agne_VibrationalAnalysis:
          displacement: 0.015
          lower_freq_threshold: 12
          model:
            _cls: mlipx.nodes.generic_ase.GenericASECalculator
            class_name: MACECalculator
            device: auto
            kwargs:
              model_paths: ../models/mace_agnesi.model
            module: mace.calculators
          nfree: 4
    outs:
    - path: nodes/mace_agne/VibrationalAnalysis/frames.xyz
      hash: md5
      md5: ab48f9e3fd19a99a09214d724275c9e0
      size: 132371
      isexec: true
    - path: nodes/mace_agne/VibrationalAnalysis/modes
      hash: md5
      md5: 442e657e5f537e75b8fdc418017e972f.dir
      size: 43725150
      nfiles: 420
    - path: nodes/mace_agne/VibrationalAnalysis/modes.xyz
      hash: md5
      md5: c6e369ebe6a6837eb4342b0ceb4f610a
      size: 58757580
      isexec: true
    - path: nodes/mace_agne/VibrationalAnalysis/node-meta.json
      hash: md5
      md5: 26464d636c59306e49f1d867e72a8765
      size: 64
      isexec: true
    - path: nodes/mace_agne/VibrationalAnalysis/results.csv
      hash: md5
      md5: 8e243163ccd9bdac4cb2e47c9fdb1c71
      size: 242
      isexec: true
    - path: nodes/mace_agne/VibrationalAnalysis/vib
      hash: md5
      md5: c15b39211f78c663f7810f0e5916693b.dir
      size: 8888588
      nfiles: 1690
  mace_large_VibrationalAnalysis:
    cmd: zntrack run mlipx.nodes.vibrational_analysis.VibrationalAnalysis --name mace_large_VibrationalAnalysis
    deps:
    - path: nodes/initialize/LoadDataFile/node-meta.json
      hash: md5
      md5: 76e3e392f662b4a133d11ef4abd7ae97
      size: 64
      isexec: true
    params:
      params.yaml:
        mace_large_VibrationalAnalysis:
          displacement: 0.015
          lower_freq_threshold: 12
          model:
            _cls: mlipx.nodes.generic_ase.GenericASECalculator
            class_name: MACECalculator
            device: auto
            kwargs:
              model_paths: ../models/43117273-large.model
            module: mace.calculators
          nfree: 4
    outs:
    - path: nodes/mace_large/VibrationalAnalysis/frames.xyz
      hash: md5
      md5: 8ad784957b92f2dc11350569d8822c8b
      size: 132363
      isexec: true
    - path: nodes/mace_large/VibrationalAnalysis/modes
      hash: md5
      md5: c69e4ecac073aeb8376dde7f98cf7544.dir
      size: 43725150
      nfiles: 420
    - path: nodes/mace_large/VibrationalAnalysis/modes.xyz
      hash: md5
      md5: 333c3bfa97a5646c3f3a601294c72b9a
      size: 58757580
      isexec: true
    - path: nodes/mace_large/VibrationalAnalysis/node-meta.json
      hash: md5
      md5: ad0a35d483c04371a4a072db013cf3b4
      size: 64
      isexec: true
    - path: nodes/mace_large/VibrationalAnalysis/results.csv
      hash: md5
      md5: 0e1efa62c1bfc598d0099430c4f72343
      size: 242
      isexec: true
    - path: nodes/mace_large/VibrationalAnalysis/vib
      hash: md5
      md5: c5956399ce38fd1789c5f316c1f9dd1c.dir
      size: 8873609
      nfiles: 1690
  mace_medm_VibrationalAnalysis:
    cmd: zntrack run mlipx.nodes.vibrational_analysis.VibrationalAnalysis --name mace_medm_VibrationalAnalysis
    deps:
    - path: nodes/initialize/LoadDataFile/node-meta.json
      hash: md5
      md5: 76e3e392f662b4a133d11ef4abd7ae97
      size: 64
      isexec: true
    params:
      params.yaml:
        mace_medm_VibrationalAnalysis:
          displacement: 0.015
          lower_freq_threshold: 12
          model:
            _cls: mlipx.nodes.generic_ase.GenericASECalculator
            class_name: MACECalculator
            device: auto
            kwargs:
              model_paths: ../models/mace_medium.model
            module: mace.calculators
          nfree: 4
    outs:
    - path: nodes/mace_medm/VibrationalAnalysis/frames.xyz
      hash: md5
      md5: 545fcedfd6e8ca8ad1ee1fb7a59c06a2
      size: 132367
      isexec: true
    - path: nodes/mace_medm/VibrationalAnalysis/modes
      hash: md5
      md5: 6431f1dce5cd37de0632f934be646bb4.dir
      size: 43725150
      nfiles: 420
    - path: nodes/mace_medm/VibrationalAnalysis/modes.xyz
      hash: md5
      md5: be1baaa1291e985537b1990930773b43
      size: 58757580
      isexec: true
    - path: nodes/mace_medm/VibrationalAnalysis/node-meta.json
      hash: md5
      md5: 73f00b26d3ae02a4f32f61b50d18b182
      size: 64
      isexec: true
    - path: nodes/mace_medm/VibrationalAnalysis/results.csv
      hash: md5
      md5: 9b028adaf0644b51a80bbecac9737d74
      size: 242
      isexec: true
    - path: nodes/mace_medm/VibrationalAnalysis/vib
      hash: md5
      md5: a65a8cb0bcfa1cc03df3c55bc1d134c9.dir
      size: 8868796
      nfiles: 1690
  orb_d3_v1_VibrationalAnalysis:
    cmd: zntrack run mlipx.nodes.vibrational_analysis.VibrationalAnalysis --name orb_d3_v1_VibrationalAnalysis
    deps:
    - path: nodes/initialize/LoadDataFile/node-meta.json
      hash: md5
      md5: 76e3e392f662b4a133d11ef4abd7ae97
      size: 64
      isexec: true
    params:
      params.yaml:
        orb_d3_v1_VibrationalAnalysis:
          displacement: 0.015
          lower_freq_threshold: 12
          model:
            _cls: models.OrbCalc
            name: orb_d3_v1
          nfree: 4
    outs:
    - path: nodes/orb_d3_v1/VibrationalAnalysis/frames.xyz
      hash: md5
      md5: 7863c816a1b61c12d49e0a64138285d8
      size: 132299
      isexec: true
    - path: nodes/orb_d3_v1/VibrationalAnalysis/modes
      hash: md5
      md5: a398e2846e6003301734439abb8b68e8.dir
      size: 43725150
      nfiles: 420
    - path: nodes/orb_d3_v1/VibrationalAnalysis/modes.xyz
      hash: md5
      md5: aecae20b0bfe1f17ac645e38789cc209
      size: 58757580
      isexec: true
    - path: nodes/orb_d3_v1/VibrationalAnalysis/node-meta.json
      hash: md5
      md5: 5189af467c00f11734b2012211dd5d6b
      size: 64
      isexec: true
    - path: nodes/orb_d3_v1/VibrationalAnalysis/results.csv
      hash: md5
      md5: 8ae07ad05fb34c090da35fab78d13cfa
      size: 241
      isexec: true
    - path: nodes/orb_d3_v1/VibrationalAnalysis/vib
      hash: md5
      md5: 6d0cebd6bb50552ac657d97d927e26f9.dir
      size: 8846064
      nfiles: 1690
  orb_d3_v2_VibrationalAnalysis:
    cmd: zntrack run mlipx.nodes.vibrational_analysis.VibrationalAnalysis --name orb_d3_v2_VibrationalAnalysis
    deps:
    - path: nodes/initialize/LoadDataFile/node-meta.json
      hash: md5
      md5: 76e3e392f662b4a133d11ef4abd7ae97
      size: 64
      isexec: true
    params:
      params.yaml:
        orb_d3_v2_VibrationalAnalysis:
          displacement: 0.015
          lower_freq_threshold: 12
          model:
            _cls: models.OrbCalc
            name: orb_d3_v2
          nfree: 4
    outs:
    - path: nodes/orb_d3_v2/VibrationalAnalysis/frames.xyz
      hash: md5
      md5: 5a971a04c0223292632e04a15ed92465
      size: 132323
      isexec: true
    - path: nodes/orb_d3_v2/VibrationalAnalysis/modes
      hash: md5
      md5: 2bd13396d1f59aea2fb87de400c51522.dir
      size: 43725150
      nfiles: 420
    - path: nodes/orb_d3_v2/VibrationalAnalysis/modes.xyz
      hash: md5
      md5: befad22c50cc569806dc4d04fb75a36f
      size: 58757580
      isexec: true
    - path: nodes/orb_d3_v2/VibrationalAnalysis/node-meta.json
      hash: md5
      md5: 10760270308297f8e52f9f4e8ae7c236
      size: 64
      isexec: true
    - path: nodes/orb_d3_v2/VibrationalAnalysis/results.csv
      hash: md5
      md5: dc601a2965137b44b2b8ba404c185d9b
      size: 244
      isexec: true
    - path: nodes/orb_d3_v2/VibrationalAnalysis/vib
      hash: md5
      md5: 05714f65e45d72d375bbe690438bdabd.dir
      size: 8853581
      nfiles: 1690
  orb_v1_VibrationalAnalysis:
    cmd: zntrack run mlipx.nodes.vibrational_analysis.VibrationalAnalysis --name orb_v1_VibrationalAnalysis
    deps:
    - path: nodes/initialize/LoadDataFile/node-meta.json
      hash: md5
      md5: 76e3e392f662b4a133d11ef4abd7ae97
      size: 64
      isexec: true
    params:
      params.yaml:
        orb_v1_VibrationalAnalysis:
          displacement: 0.015
          lower_freq_threshold: 12
          model:
            _cls: models.OrbCalc
            name: orb_v1
          nfree: 4
    outs:
    - path: nodes/orb_v1/VibrationalAnalysis/frames.xyz
      hash: md5
      md5: dd6865464db7760a16571c7b788dfab3
      size: 132321
      isexec: true
    - path: nodes/orb_v1/VibrationalAnalysis/modes
      hash: md5
      md5: 3cf3cf6e2b865554ef90f8b7a3c833d6.dir
      size: 43725150
      nfiles: 420
    - path: nodes/orb_v1/VibrationalAnalysis/modes.xyz
      hash: md5
      md5: e70e821a6eb9e661e38dcf4b22b8dc05
      size: 58757580
      isexec: true
    - path: nodes/orb_v1/VibrationalAnalysis/node-meta.json
      hash: md5
      md5: 5c203db5515f46828b721252f4fdef0b
      size: 64
      isexec: true
    - path: nodes/orb_v1/VibrationalAnalysis/results.csv
      hash: md5
      md5: 2df662aecbd7b4680db91cafee005ca7
      size: 238
      isexec: true
    - path: nodes/orb_v1/VibrationalAnalysis/vib
      hash: md5
      md5: 2def5558bd3f0a6e37ccbf026ccf4ae0.dir
      size: 8830338
      nfiles: 1690
  orb_v1_mptraj_VibrationalAnalysis:
    cmd: zntrack run mlipx.nodes.vibrational_analysis.VibrationalAnalysis --name orb_v1_mptraj_VibrationalAnalysis
    deps:
    - path: nodes/initialize/LoadDataFile/node-meta.json
      hash: md5
      md5: 76e3e392f662b4a133d11ef4abd7ae97
      size: 64
      isexec: true
    params:
      params.yaml:
        orb_v1_mptraj_VibrationalAnalysis:
          displacement: 0.015
          lower_freq_threshold: 12
          model:
            _cls: models.OrbCalc
            name: orb_v1_mptraj_only
          nfree: 4
    outs:
    - path: nodes/orb_v1_mptraj/VibrationalAnalysis/frames.xyz
      hash: md5
      md5: b87631905c54c36d35fb1b64e88fa313
      size: 132295
      isexec: true
    - path: nodes/orb_v1_mptraj/VibrationalAnalysis/modes
      hash: md5
      md5: 2ced1c4b49e275d40beee7ec4ad5d083.dir
      size: 43725150
      nfiles: 420
    - path: nodes/orb_v1_mptraj/VibrationalAnalysis/modes.xyz
      hash: md5
      md5: 4ef57133f60fae599b34fd2db8e176b3
      size: 58757580
      isexec: true
    - path: nodes/orb_v1_mptraj/VibrationalAnalysis/node-meta.json
      hash: md5
      md5: 70915dad48d2c0d429aa74b0b53aaf68
      size: 64
      isexec: true
    - path: nodes/orb_v1_mptraj/VibrationalAnalysis/results.csv
      hash: md5
      md5: 6b12eff8bc8476ef2044d5f4165d140c
      size: 241
      isexec: true
    - path: nodes/orb_v1_mptraj/VibrationalAnalysis/vib
      hash: md5
      md5: 082639542c14311639a0d144f6e3bc6d.dir
      size: 8824085
      nfiles: 1690
  orb_v2_VibrationalAnalysis:
    cmd: zntrack run mlipx.nodes.vibrational_analysis.VibrationalAnalysis --name orb_v2_VibrationalAnalysis
    deps:
    - path: nodes/initialize/LoadDataFile/node-meta.json
      hash: md5
      md5: 76e3e392f662b4a133d11ef4abd7ae97
      size: 64
      isexec: true
    params:
      params.yaml:
        orb_v2_VibrationalAnalysis:
          displacement: 0.015
          lower_freq_threshold: 12
          model:
            _cls: models.OrbCalc
            name: orb_v2
          nfree: 4
    outs:
    - path: nodes/orb_v2/VibrationalAnalysis/frames.xyz
      hash: md5
      md5: e2213c20d74e7c7e4447d43d44a788c3
      size: 132321
      isexec: true
    - path: nodes/orb_v2/VibrationalAnalysis/modes
      hash: md5
      md5: 3ab9363571af88754510da951de1d307.dir
      size: 43725150
      nfiles: 420
    - path: nodes/orb_v2/VibrationalAnalysis/modes.xyz
      hash: md5
      md5: 03d8630486225316e41f3caec0271332
      size: 58757580
      isexec: true
    - path: nodes/orb_v2/VibrationalAnalysis/node-meta.json
      hash: md5
      md5: 76ab7e0dcc9f0aa94f8132c040e4367e
      size: 64
      isexec: true
    - path: nodes/orb_v2/VibrationalAnalysis/results.csv
      hash: md5
      md5: 6a2b3964363cf8fc75ebe7621f308c72
      size: 238
      isexec: true
    - path: nodes/orb_v2/VibrationalAnalysis/vib
      hash: md5
      md5: bba6b9938149f806eaab08dd6d58d59e.dir
      size: 8799311
      nfiles: 1690
