schema: '2.0'
stages:
  initialize_BuildASEslab:
    cmd: zntrack run mlipx.nodes.adsorption.BuildASEslab --name initialize_BuildASEslab
    params:
      params.yaml:
        initialize_BuildASEslab:
          a:
          c: false
          crystal: fcc111
          orthogonal: true
          periodic: true
          size:
          - 3
          - 4
          - 4
          symbol: Cu
          vacuum: 10
    outs:
    - path: nodes/initialize/BuildASEslab/frames.traj
      hash: md5
      md5: 360a802673ea32615e6ab8688fdc8c59
      size: 2794
    - path: nodes/initialize/BuildASEslab/node-meta.json
      hash: md5
      md5: 25f41c083ba8f43acaed4a1f479812c2
      size: 64
  initialize_Smiles2Conformers:
    cmd: zntrack run mlipx.nodes.smiles.Smiles2Conformers --name initialize_Smiles2Conformers
    params:
      params.yaml:
        initialize_Smiles2Conformers:
          max_attempts: 1000
          num_confs: 1
          random_seed: 42
          smiles: CCO
    outs:
    - path: nodes/initialize/Smiles2Conformers/frames.xyz
      hash: md5
      md5: f2aa9aaa4c216155e3cbbf82fdbe2f53
      size: 531
    - path: nodes/initialize/Smiles2Conformers/node-meta.json
      hash: md5
      md5: 4e1cf2faa54ff25431034f669a84e4c5
      size: 64
  initialize_AddAdsorbate:
    cmd: zntrack run mlipx.nodes.adsorption.AddAdsorbate --name initialize_AddAdsorbate
    deps:
    - path: nodes/initialize/Smiles2Conformers/frames.xyz
      hash: md5
      md5: 8aaaf93d21613c36e976fb04fc5dbd58
      size: 369
    - path: nodes/initialize/StructureOptimization/frames.traj
      hash: md5
      md5: 12df581122155f03897c203413d8e2b9
      size: 10023
    - path: nodes/initialize/StructureOptimization/plots.csv
      hash: md5
      md5: 745b03ab641a6f85e6f0d9ae3e54da64
      size: 116
    params:
      params.yaml:
        initialize_AddAdsorbate:
          adsorbate_id: -1
          height: 2.1
          mol_index: 0
          position: all
          slab_id: -1
    outs:
    - path: nodes/initialize/AddAdsorbate/frames.traj
      hash: md5
      md5: 755f65e0e7e851b648c1a45c43618554
      size: 12323
    - path: nodes/initialize/AddAdsorbate/node-meta.json
      hash: md5
      md5: c847de8aa794f0cc3a2db1291cc9f1af
      size: 64
  initialize_StructureOptimization:
    cmd: zntrack run mlipx.nodes.structure_optimization.StructureOptimization --name
      initialize_StructureOptimization
    deps:
    - path: nodes/initialize/BuildASEslab/frames.traj
      hash: md5
      md5: 360a802673ea32615e6ab8688fdc8c59
      size: 2794
    params:
      params.yaml:
        initialize_StructureOptimization:
          data_id: -1
          fmax: 0.05
          model:
            _cls: mlipx.nodes.generic_ase.GenericASECalculator
            class_name: mace_mp
            device: auto
            kwargs:
              model: medium
            module: mace.calculators
          optimizer: LBFGS
          steps: 100000000
    outs:
    - path: nodes/initialize/StructureOptimization/frames.traj
      hash: md5
      md5: 12df581122155f03897c203413d8e2b9
      size: 10023
    - path: nodes/initialize/StructureOptimization/node-meta.json
      hash: md5
      md5: e9b849310fc1167492f85056b8d99e14
      size: 64
    - path: nodes/initialize/StructureOptimization/plots.csv
      hash: md5
      md5: 745b03ab641a6f85e6f0d9ae3e54da64
      size: 116
  initialize_StructureOptimization_1:
    cmd: zntrack run mlipx.nodes.structure_optimization.StructureOptimization --name
      initialize_StructureOptimization_1
    deps:
    - path: nodes/initialize/AddAdsorbate/frames.traj
      hash: md5
      md5: 755f65e0e7e851b648c1a45c43618554
      size: 12323
    params:
      params.yaml:
        initialize_StructureOptimization_1:
          data_id: -1
          fmax: 0.05
          model:
            _cls: mlipx.nodes.generic_ase.GenericASECalculator
            class_name: mace_mp
            device: auto
            kwargs:
              model: medium
            module: mace.calculators
          optimizer: LBFGS
          steps: 100000000
    outs:
    - path: nodes/initialize/StructureOptimization_1/frames.traj
      hash: md5
      md5: d656b22749b85425203d11b3204a1501
      size: 216353
    - path: nodes/initialize/StructureOptimization_1/node-meta.json
      hash: md5
      md5: 47bb5809294eac5f28f9253ca64d2e44
      size: 64
    - path: nodes/initialize/StructureOptimization_1/plots.csv
      hash: md5
      md5: 91c048db20aa61b4b6ff71416f92ed56
      size: 2061
  initialize_RelaxAdsorptionConfigs:
    cmd: zntrack run mlipx.nodes.adsorption.RelaxAdsorptionConfigs --name initialize_RelaxAdsorptionConfigs
    deps:
    - path: nodes/initialize/BuildASEslab/frames.traj
      hash: md5
      md5: 360a802673ea32615e6ab8688fdc8c59
      size: 2794
    - path: nodes/initialize/Smiles2Conformers/frames.xyz
      hash: md5
      md5: 106c9892108d155aaf3f3e0eb456638f
      size: 369
    params:
      params.yaml:
        initialize_RelaxAdsorptionConfigs:
          adsorbate_id: -1
          fmax: 0.05
          height: 2.1
          model:
            _cls: mlipx.nodes.generic_ase.GenericASECalculator
            class_name: mace_mp
            device: auto
            kwargs:
              model: medium
            module: mace.calculators
          mol_index: 0
          optimizer: LBFGS
          position: all
          slab_id: -1
          steps: 300
    outs:
    - path: nodes/initialize/RelaxAdsorptionConfigs/ads_energies.json
      hash: md5
      md5: d37e5b85224f91686f3d52c882b3d1e4
      size: 117
    - path: nodes/initialize/RelaxAdsorptionConfigs/frames.traj
      hash: md5
      md5: 05982703b455355613d88edec093874c
      size: 16349
    - path: nodes/initialize/RelaxAdsorptionConfigs/node-meta.json
      hash: md5
      md5: 0ddac73b66ebd2059d89ef30f09d0e92
      size: 64
    - path: nodes/initialize/RelaxAdsorptionConfigs/relax
      hash: md5
      md5: 8a0ecf7722a7cc64f7f190ebcd112868.dir
      size: 883049
      nfiles: 6
  mace_RelaxAdsorptionConfigs:
    cmd: zntrack run mlipx.nodes.adsorption.RelaxAdsorptionConfigs --name mace_RelaxAdsorptionConfigs
    deps:
    - path: nodes/initialize/BuildASEslab/frames.traj
      hash: md5
      md5: 360a802673ea32615e6ab8688fdc8c59
      size: 2794
    - path: nodes/initialize/Smiles2Conformers/frames.xyz
      hash: md5
      md5: 106c9892108d155aaf3f3e0eb456638f
      size: 369
    params:
      params.yaml:
        mace_RelaxAdsorptionConfigs:
          adsorbate_id: -1
          fmax: 0.05
          height: 2.1
          model:
            _cls: mlipx.nodes.generic_ase.GenericASECalculator
            class_name: mace_mp
            device: auto
            kwargs:
              model: medium
            module: mace.calculators
          mol_index: 0
          optimizer: LBFGS
          position: all
          slab_id: -1
          steps: 300
    outs:
    - path: nodes/mace/RelaxAdsorptionConfigs/ads_energies.json
      hash: md5
      md5: 2a1129e1a6b21b75717e2f59ac980691
      size: 117
    - path: nodes/mace/RelaxAdsorptionConfigs/frames.traj
      hash: md5
      md5: 5fe112b11469ab56366c6c30c609accf
      size: 16403
    - path: nodes/mace/RelaxAdsorptionConfigs/node-meta.json
      hash: md5
      md5: 5352e6b940dc7c70f2c67a9ec054e64a
      size: 64
    - path: nodes/mace/RelaxAdsorptionConfigs/relax
      hash: md5
      md5: 8917a09db598332f755ff57cea17c817.dir
      size: 900313
      nfiles: 6
  mace_RelaxAdsorptionConfigs_1:
    cmd: zntrack run mlipx.nodes.adsorption.RelaxAdsorptionConfigs --name mace_RelaxAdsorptionConfigs_1
    deps:
    - path: nodes/initialize/BuildASEslab/frames.traj
      hash: md5
      md5: 360a802673ea32615e6ab8688fdc8c59
      size: 2794
    - path: nodes/initialize/Smiles2Conformers/frames.xyz
      hash: md5
      md5: 106c9892108d155aaf3f3e0eb456638f
      size: 369
    params:
      params.yaml:
        mace_RelaxAdsorptionConfigs_1:
          adsorbate_id: -1
          fmax: 0.05
          height: 2.1
          model:
            _cls: mlipx.nodes.generic_ase.GenericASECalculator
            class_name: SevenNetCalculator
            device: auto
            kwargs:
              model: 7net-0
            module: sevenn.sevennet_calculator
          mol_index: 0
          optimizer: LBFGS
          position: all
          slab_id: -1
          steps: 300
    outs:
    - path: nodes/mace/RelaxAdsorptionConfigs_1/ads_energies.json
      hash: md5
      md5: 5ad831b3a0e7a8a07e2443d374d1fc2c
      size: 121
    - path: nodes/mace/RelaxAdsorptionConfigs_1/frames.traj
      hash: md5
      md5: 87552d460ebb96cb3e0a5120ca3dc311
      size: 17434
    - path: nodes/mace/RelaxAdsorptionConfigs_1/node-meta.json
      hash: md5
      md5: 7eff49b5e38cbb1b501ee1c4fbb6feee
      size: 64
    - path: nodes/mace/RelaxAdsorptionConfigs_1/relax
      hash: md5
      md5: d32a175b89f6efb658120ea4f8efc934.dir
      size: 616013
      nfiles: 6
  sevenn_RelaxAdsorptionConfigs:
    cmd: zntrack run mlipx.nodes.adsorption.RelaxAdsorptionConfigs --name sevenn_RelaxAdsorptionConfigs
    deps:
    - path: nodes/initialize/BuildASEslab/frames.traj
      hash: md5
      md5: 360a802673ea32615e6ab8688fdc8c59
      size: 2794
    - path: nodes/initialize/Smiles2Conformers/frames.xyz
      hash: md5
      md5: 106c9892108d155aaf3f3e0eb456638f
      size: 369
    params:
      params.yaml:
        sevenn_RelaxAdsorptionConfigs:
          adsorbate_id: -1
          fmax: 0.05
          height: 2.1
          model:
            _cls: mlipx.nodes.generic_ase.GenericASECalculator
            class_name: SevenNetCalculator
            device: auto
            kwargs:
              model: 7net-0
            module: sevenn.sevennet_calculator
          mol_index: 0
          optimizer: LBFGS
          position: all
          slab_id: -1
          steps: 300
    outs:
    - path: nodes/sevenn/RelaxAdsorptionConfigs/ads_energies.json
      hash: md5
      md5: d9b13b3bdae0730c84738a61f19009bc
      size: 121
    - path: nodes/sevenn/RelaxAdsorptionConfigs/frames.traj
      hash: md5
      md5: a79ac441690f6985915f691018101d11
      size: 17507
    - path: nodes/sevenn/RelaxAdsorptionConfigs/node-meta.json
      hash: md5
      md5: 233100acd8403bb387b7d9ff33b9fcdf
      size: 64
    - path: nodes/sevenn/RelaxAdsorptionConfigs/relax
      hash: md5
      md5: 8cfa778ae75eedefc4935c9a90858509.dir
      size: 618698
      nfiles: 6
  sevennet_0_RelaxAdsorptionConfigs:
    cmd: zntrack run mlipx.nodes.adsorption.RelaxAdsorptionConfigs --name sevennet_0_RelaxAdsorptionConfigs
    deps:
    - path: nodes/initialize/BuildASEslab/frames.traj
      hash: md5
      md5: 360a802673ea32615e6ab8688fdc8c59
      size: 2794
    - path: nodes/initialize/Smiles2Conformers/frames.xyz
      hash: md5
      md5: f2aa9aaa4c216155e3cbbf82fdbe2f53
      size: 531
    params:
      params.yaml:
        sevennet_0_RelaxAdsorptionConfigs:
          adsorbate_id: -1
          fmax: 0.05
          height: 2.1
          model:
            _cls: mlipx.nodes.generic_ase.GenericASECalculator
            class_name: SevenNetCalculator
            device: auto
            kwargs:
              model: 7net-0
            module: sevenn.sevennet_calculator
          mol_index: 0
          optimizer: LBFGS
          position: all
          slab_id: -1
          steps: 300
    outs:
    - path: nodes/sevennet/0/RelaxAdsorptionConfigs/ads_energies.json
      hash: md5
      md5: da06b75828d748d180fa02393ca288a8
      size: 116
    - path: nodes/sevennet/0/RelaxAdsorptionConfigs/frames.traj
      hash: md5
      md5: 4b086d151c67853594f2cd5601bccff2
      size: 18183
    - path: nodes/sevennet/0/RelaxAdsorptionConfigs/node-meta.json
      hash: md5
      md5: 3e7f6e6f39e9839bffc41b9d51dd6dee
      size: 64
    - path: nodes/sevennet/0/RelaxAdsorptionConfigs/relax
      hash: md5
      md5: f14748267529339e4a8f520e9f2ba5a0.dir
      size: 1042655
      nfiles: 6
  mace_mp_0_RelaxAdsorptionConfigs:
    cmd: zntrack run mlipx.nodes.adsorption.RelaxAdsorptionConfigs --name mace_mp_0_RelaxAdsorptionConfigs
    deps:
    - path: nodes/initialize/BuildASEslab/frames.traj
      hash: md5
      md5: 360a802673ea32615e6ab8688fdc8c59
      size: 2794
    - path: nodes/initialize/Smiles2Conformers/frames.xyz
      hash: md5
      md5: f2aa9aaa4c216155e3cbbf82fdbe2f53
      size: 531
    params:
      params.yaml:
        mace_mp_0_RelaxAdsorptionConfigs:
          adsorbate_id: -1
          fmax: 0.05
          height: 2.1
          model:
            _cls: mlipx.nodes.generic_ase.GenericASECalculator
            class_name: mace_mp
            device: auto
            kwargs:
              model: medium
            module: mace.calculators
          mol_index: 0
          optimizer: LBFGS
          position: all
          slab_id: -1
          steps: 300
    outs:
    - path: nodes/mace_mp/0/RelaxAdsorptionConfigs/ads_energies.json
      hash: md5
      md5: aa53bb5416bcdff3d46d44936089f0c9
      size: 121
    - path: nodes/mace_mp/0/RelaxAdsorptionConfigs/frames.traj
      hash: md5
      md5: 53681f5de5df3d03457122a8b20a73f8
      size: 17030
    - path: nodes/mace_mp/0/RelaxAdsorptionConfigs/node-meta.json
      hash: md5
      md5: a6c71f8db8d4f6bc8961384fbc8147bb
      size: 64
    - path: nodes/mace_mp/0/RelaxAdsorptionConfigs/relax
      hash: md5
      md5: 9a21a855dc65e22fdc61d56aacae4361.dir
      size: 858151
      nfiles: 6
  orb_v2_0_RelaxAdsorptionConfigs:
    cmd: zntrack run mlipx.nodes.adsorption.RelaxAdsorptionConfigs --name orb_v2_0_RelaxAdsorptionConfigs
    deps:
    - path: nodes/initialize/BuildASEslab/frames.traj
      hash: md5
      md5: 360a802673ea32615e6ab8688fdc8c59
      size: 2794
    - path: nodes/initialize/Smiles2Conformers/frames.xyz
      hash: md5
      md5: f2aa9aaa4c216155e3cbbf82fdbe2f53
      size: 531
    params:
      params.yaml:
        orb_v2_0_RelaxAdsorptionConfigs:
          adsorbate_id: -1
          fmax: 0.05
          height: 2.1
          model:
            _cls: models.OrbCalc
            device: auto
            name: orb_v2
          mol_index: 0
          optimizer: LBFGS
          position: all
          slab_id: -1
          steps: 300
    outs:
    - path: nodes/orb_v2/0/RelaxAdsorptionConfigs/ads_energies.json
      hash: md5
      md5: 9bf3b62beee4c4e7e365b2f1c4474f06
      size: 118
    - path: nodes/orb_v2/0/RelaxAdsorptionConfigs/frames.traj
      hash: md5
      md5: 4cb6942ef928aeb037b9a776d3f713c9
      size: 17028
    - path: nodes/orb_v2/0/RelaxAdsorptionConfigs/node-meta.json
      hash: md5
      md5: 1419812ffdb361d78dabde47433d1f4f
      size: 64
    - path: nodes/orb_v2/0/RelaxAdsorptionConfigs/relax
      hash: md5
      md5: 7d4cb534f9216bd07a22093e7eef67ac.dir
      size: 837429
      nfiles: 6
  mattersim_0_RelaxAdsorptionConfigs:
    cmd: zntrack run mlipx.nodes.adsorption.RelaxAdsorptionConfigs --name mattersim_0_RelaxAdsorptionConfigs
    deps:
    - path: nodes/initialize/BuildASEslab/frames.traj
      hash: md5
      md5: 360a802673ea32615e6ab8688fdc8c59
      size: 2794
    - path: nodes/initialize/Smiles2Conformers/frames.xyz
      hash: md5
      md5: f2aa9aaa4c216155e3cbbf82fdbe2f53
      size: 531
    params:
      params.yaml:
        mattersim_0_RelaxAdsorptionConfigs:
          adsorbate_id: -1
          fmax: 0.05
          height: 2.1
          model:
            _cls: mlipx.nodes.generic_ase.GenericASECalculator
            class_name: MatterSimCalculator
            device: auto
            kwargs:
            module: mattersim.forcefield
          mol_index: 0
          optimizer: LBFGS
          position: all
          slab_id: -1
          steps: 300
    outs:
    - path: nodes/mattersim/0/RelaxAdsorptionConfigs/ads_energies.json
      hash: md5
      md5: 835c4e1251ace5ec595d99c3d720a65c
      size: 111
    - path: nodes/mattersim/0/RelaxAdsorptionConfigs/frames.traj
      hash: md5
      md5: 2eb636f5b425803eebc60730cd6eee8c
      size: 17057
    - path: nodes/mattersim/0/RelaxAdsorptionConfigs/node-meta.json
      hash: md5
      md5: 3b8a67eada7ec4e421fd22c776fa3cfe
      size: 64
    - path: nodes/mattersim/0/RelaxAdsorptionConfigs/relax
      hash: md5
      md5: e94d76c124227cbd41c41575a7419c57.dir
      size: 752833
      nfiles: 6
