schema: '2.0'
stages:
  initialize_Smiles2Conformers:
    cmd: zntrack run mlipx.nodes.smiles.Smiles2Conformers --name initialize_Smiles2Conformers
    params:
      params.yaml:
        initialize_Smiles2Conformers:
          max_attempts: 1000
          num_confs: 10
          random_seed: 42
          smiles: CCO
    outs:
    - path: nodes/initialize/Smiles2Conformers/frames.xyz
      hash: md5
      md5: 53394445966d0686e33c9b2c42ecc2a7
      size: 5310
    - path: nodes/initialize/Smiles2Conformers/node-meta.json
      hash: md5
      md5: dedc1b93725ea283545173e31504757e
      size: 64
  initialize_BuildBox:
    cmd: zntrack run mlipx.nodes.smiles.BuildBox --name initialize_BuildBox
    deps:
    - path: nodes/initialize/Smiles2Conformers/frames.xyz
      hash: md5
      md5: 53394445966d0686e33c9b2c42ecc2a7
      size: 5310
    params:
      params.yaml:
        initialize_BuildBox:
          counts:
          - 10
          density: 789
    outs:
    - path: nodes/initialize/BuildBox/frames.xyz
      hash: md5
      md5: f48873046e8808c1a50c29ad6481175a
      size: 9570
    - path: nodes/initialize/BuildBox/node-meta.json
      hash: md5
      md5: 3c1804f8e73fdb2d65fef50e135aaff7
      size: 64
  7net_MolecularDynamics:
    cmd: zntrack run mlipx.nodes.molecular_dynamics.MolecularDynamics --name 7net_MolecularDynamics
    deps:
    - path: nodes/initialize/BuildBox/frames.xyz
      hash: md5
      md5: f48873046e8808c1a50c29ad6481175a
      size: 9570
    params:
      params.yaml:
        7net_MolecularDynamics:
          data_id: -1
          model:
            _cls: mlipx.nodes.generic_ase.GenericASECalculator
            class_name: SevenNetCalculator
            device: auto
            kwargs:
              model: 7net-0
            module: sevenn.sevennet_calculator
          steps: 100
          thermostat:
            _cls: mlipx.nodes.molecular_dynamics.LangevinConfig
            friction: 0.05
            temperature: 300
            timestep: 0.5
    outs:
    - path: nodes/7net/MolecularDynamics/frames.xyz
      hash: md5
      md5: 7a0f19a4d20af64365f3df992ff13476
      size: 2069641
    - path: nodes/7net/MolecularDynamics/node-meta.json
      hash: md5
      md5: 60e70692cfbdd3b3a8258299a8533994
      size: 64
    - path: nodes/7net/MolecularDynamics/observer_metrics.json
      hash: md5
      md5: 99914b932bd37a50b983c5e7c90ae93b
      size: 2
    - path: nodes/7net/MolecularDynamics/plots.csv
      hash: md5
      md5: a685efe115be6deba2098b09a7aa4616
      size: 19
  mace_agne_MolecularDynamics:
    cmd: zntrack run mlipx.nodes.molecular_dynamics.MolecularDynamics --name mace_agne_MolecularDynamics
    deps:
    - path: nodes/initialize/BuildBox/frames.xyz
      hash: md5
      md5: f48873046e8808c1a50c29ad6481175a
      size: 9570
    params:
      params.yaml:
        mace_agne_MolecularDynamics:
          data_id: -1
          model:
            _cls: mlipx.nodes.generic_ase.GenericASECalculator
            class_name: MACECalculator
            device: auto
            kwargs:
              model_paths: ../models/mace_agnesi.model
            module: mace.calculators
          steps: 100
          thermostat:
            _cls: mlipx.nodes.molecular_dynamics.LangevinConfig
            friction: 0.05
            temperature: 300
            timestep: 0.5
    outs:
    - path: nodes/mace_agne/MolecularDynamics/frames.xyz
      hash: md5
      md5: edf6827754053e2d90b448eb9537efa1
      size: 1913821
    - path: nodes/mace_agne/MolecularDynamics/node-meta.json
      hash: md5
      md5: 3313af7ea2b6bea10785a21853387eb8
      size: 64
    - path: nodes/mace_agne/MolecularDynamics/observer_metrics.json
      hash: md5
      md5: 99914b932bd37a50b983c5e7c90ae93b
      size: 2
    - path: nodes/mace_agne/MolecularDynamics/plots.csv
      hash: md5
      md5: a685efe115be6deba2098b09a7aa4616
      size: 19
  mace_medm_MolecularDynamics:
    cmd: zntrack run mlipx.nodes.molecular_dynamics.MolecularDynamics --name mace_medm_MolecularDynamics
    deps:
    - path: nodes/initialize/BuildBox/frames.xyz
      hash: md5
      md5: f48873046e8808c1a50c29ad6481175a
      size: 9570
    params:
      params.yaml:
        mace_medm_MolecularDynamics:
          data_id: -1
          model:
            _cls: mlipx.nodes.generic_ase.GenericASECalculator
            class_name: MACECalculator
            device: auto
            kwargs:
              model_paths: ../models/mace_medium.model
            module: mace.calculators
          steps: 100
          thermostat:
            _cls: mlipx.nodes.molecular_dynamics.LangevinConfig
            friction: 0.05
            temperature: 300
            timestep: 0.5
    outs:
    - path: nodes/mace_medm/MolecularDynamics/frames.xyz
      hash: md5
      md5: 6763a62203d3dcf48a59b5a0a56278d6
      size: 1913854
    - path: nodes/mace_medm/MolecularDynamics/node-meta.json
      hash: md5
      md5: 49098c3e846aa65d19ab6d6f6640f7c8
      size: 64
    - path: nodes/mace_medm/MolecularDynamics/observer_metrics.json
      hash: md5
      md5: 99914b932bd37a50b983c5e7c90ae93b
      size: 2
    - path: nodes/mace_medm/MolecularDynamics/plots.csv
      hash: md5
      md5: a685efe115be6deba2098b09a7aa4616
      size: 19
  initialize_MPRester:
    cmd: zntrack run mlipx.nodes.mp_api.MPRester --name initialize_MPRester
    params:
      params.yaml:
        initialize_MPRester:
          search_kwargs:
            material_ids:
            - mp-1143
    outs:
    - path: nodes/initialize/MPRester/frames.xyz
      hash: md5
      md5: b2aa0fb43e0b26ef88bedc082a0a2325
      size: 866
    - path: nodes/initialize/MPRester/node-meta.json
      hash: md5
      md5: 4f6d9dc7b6e2c7a9e178509f8c6d81d6
      size: 64
  orb_v2_0_MolecularDynamics:
    cmd: zntrack run mlipx.nodes.molecular_dynamics.MolecularDynamics --name orb_v2_0_MolecularDynamics
    deps:
    - path: nodes/initialize/MPRester/frames.xyz
      hash: md5
      md5: b2aa0fb43e0b26ef88bedc082a0a2325
      size: 866
    params:
      params.yaml:
        orb_v2_0_MolecularDynamics:
          data_id: -1
          model:
            _cls: models.OrbCalc
            device: auto
            name: orb_v2
          modifiers:
          - _cls: mlipx.nodes.modifier.TemperatureRampModifier
            end_temperature: 400
            interval: 1
            start_temperature:
            total_steps: 100
          observers:
          - _cls: mlipx.nodes.observer.MaximumForceObserver
            f_max: 100
          steps: 1000
          thermostat:
            _cls: mlipx.nodes.molecular_dynamics.LangevinConfig
            friction: 0.05
            temperature: 300
            timestep: 0.5
    outs:
    - path: nodes/orb_v2/0/MolecularDynamics/frames.xyz
      hash: md5
      md5: 4a99aced3076642bcc51da6154b0f4d3
      size: 2180351
    - path: nodes/orb_v2/0/MolecularDynamics/node-meta.json
      hash: md5
      md5: 376fbea56c6a76ad6696a91026f19f4c
      size: 64
    - path: nodes/orb_v2/0/MolecularDynamics/observer_metrics.json
      hash: md5
      md5: 99d1bc2c8fde362f1c1b8ccf64ceac4c
      size: 28
    - path: nodes/orb_v2/0/MolecularDynamics/plots.csv
      hash: md5
      md5: 807b0386393fe0ccc80f8709c229e1c2
      size: 42231
  mace_mp_0_MolecularDynamics:
    cmd: zntrack run mlipx.nodes.molecular_dynamics.MolecularDynamics --name mace_mp_0_MolecularDynamics
    deps:
    - path: nodes/initialize/MPRester/frames.xyz
      hash: md5
      md5: b2aa0fb43e0b26ef88bedc082a0a2325
      size: 866
    params:
      params.yaml:
        mace_mp_0_MolecularDynamics:
          data_id: -1
          model:
            _cls: mlipx.nodes.generic_ase.GenericASECalculator
            class_name: mace_mp
            device: auto
            kwargs:
              model: medium
            module: mace.calculators
          modifiers:
          - _cls: mlipx.nodes.modifier.TemperatureRampModifier
            end_temperature: 400
            interval: 1
            start_temperature:
            total_steps: 100
          observers:
          - _cls: mlipx.nodes.observer.MaximumForceObserver
            f_max: 100
          steps: 1000
          thermostat:
            _cls: mlipx.nodes.molecular_dynamics.LangevinConfig
            friction: 0.05
            temperature: 300
            timestep: 0.5
    outs:
    - path: nodes/mace_mp/0/MolecularDynamics/frames.xyz
      hash: md5
      md5: eb8ab3a64f288bb7c370b6786f769da6
      size: 2172766
    - path: nodes/mace_mp/0/MolecularDynamics/node-meta.json
      hash: md5
      md5: e5a8759bbe4a13996b5b915561c84a67
      size: 64
    - path: nodes/mace_mp/0/MolecularDynamics/observer_metrics.json
      hash: md5
      md5: 99d1bc2c8fde362f1c1b8ccf64ceac4c
      size: 28
    - path: nodes/mace_mp/0/MolecularDynamics/plots.csv
      hash: md5
      md5: b56dcbb7663c0d514923423f6647e195
      size: 42221
  chgnet_0_MolecularDynamics:
    cmd: zntrack run mlipx.nodes.molecular_dynamics.MolecularDynamics --name chgnet_0_MolecularDynamics
    deps:
    - path: nodes/initialize/MPRester/frames.xyz
      hash: md5
      md5: b2aa0fb43e0b26ef88bedc082a0a2325
      size: 866
    params:
      params.yaml:
        chgnet_0_MolecularDynamics:
          data_id: -1
          model:
            _cls: mlipx.nodes.generic_ase.GenericASECalculator
            class_name: CHGNetCalculator
            device:
            kwargs:
            module: chgnet.model
          modifiers:
          - _cls: mlipx.nodes.modifier.TemperatureRampModifier
            end_temperature: 400
            interval: 1
            start_temperature:
            total_steps: 100
          observers:
          - _cls: mlipx.nodes.observer.MaximumForceObserver
            f_max: 100
          steps: 1000
          thermostat:
            _cls: mlipx.nodes.molecular_dynamics.LangevinConfig
            friction: 0.05
            temperature: 300
            timestep: 0.5
    outs:
    - path: nodes/chgnet/0/MolecularDynamics/frames.xyz
      hash: md5
      md5: 17360f86bd8eee8809be6ddffcac000e
      size: 2355128
    - path: nodes/chgnet/0/MolecularDynamics/node-meta.json
      hash: md5
      md5: 020db00f86b7a512ff77e912e8ea55de
      size: 64
    - path: nodes/chgnet/0/MolecularDynamics/observer_metrics.json
      hash: md5
      md5: 99d1bc2c8fde362f1c1b8ccf64ceac4c
      size: 28
    - path: nodes/chgnet/0/MolecularDynamics/plots.csv
      hash: md5
      md5: 9612ceee3b178fa4ae60d9f057386530
      size: 42345
  sevennet_0_MolecularDynamics:
    cmd: zntrack run mlipx.nodes.molecular_dynamics.MolecularDynamics --name sevennet_0_MolecularDynamics
    deps:
    - path: nodes/initialize/MPRester/frames.xyz
      hash: md5
      md5: b2aa0fb43e0b26ef88bedc082a0a2325
      size: 866
    params:
      params.yaml:
        sevennet_0_MolecularDynamics:
          data_id: -1
          model:
            _cls: mlipx.nodes.generic_ase.GenericASECalculator
            class_name: SevenNetCalculator
            device: auto
            kwargs:
              model: 7net-0
            module: sevenn.sevennet_calculator
          modifiers:
          - _cls: mlipx.nodes.modifier.TemperatureRampModifier
            end_temperature: 400
            interval: 1
            start_temperature:
            total_steps: 100
          observers:
          - _cls: mlipx.nodes.observer.MaximumForceObserver
            f_max: 100
          steps: 1000
          thermostat:
            _cls: mlipx.nodes.molecular_dynamics.LangevinConfig
            friction: 0.05
            temperature: 300
            timestep: 0.5
    outs:
    - path: nodes/sevennet/0/MolecularDynamics/frames.xyz
      hash: md5
      md5: ebf08c1b36302eb9ed185076f39b8559
      size: 2356130
    - path: nodes/sevennet/0/MolecularDynamics/node-meta.json
      hash: md5
      md5: 6a87db6aa18d3e26ee09c03d1f00b997
      size: 64
    - path: nodes/sevennet/0/MolecularDynamics/observer_metrics.json
      hash: md5
      md5: 99d1bc2c8fde362f1c1b8ccf64ceac4c
      size: 28
    - path: nodes/sevennet/0/MolecularDynamics/plots.csv
      hash: md5
      md5: a0f37bbcc44187ff6e5ebe5387c0ec1d
      size: 42250
  mattersim_0_MolecularDynamics:
    cmd: zntrack run mlipx.nodes.molecular_dynamics.MolecularDynamics --name mattersim_0_MolecularDynamics
    deps:
    - path: nodes/initialize/MPRester/frames.xyz
      hash: md5
      md5: b2aa0fb43e0b26ef88bedc082a0a2325
      size: 866
    params:
      params.yaml:
        mattersim_0_MolecularDynamics:
          data_id: -1
          model:
            _cls: mlipx.nodes.generic_ase.GenericASECalculator
            class_name: MatterSimCalculator
            device: auto
            kwargs:
            module: mattersim.forcefield
          modifiers:
          - _cls: mlipx.nodes.modifier.TemperatureRampModifier
            end_temperature: 400
            interval: 1
            start_temperature:
            total_steps: 100
          observers:
          - _cls: mlipx.nodes.observer.MaximumForceObserver
            f_max: 100
          steps: 1000
          thermostat:
            _cls: mlipx.nodes.molecular_dynamics.LangevinConfig
            friction: 0.05
            temperature: 300
            timestep: 0.5
    outs:
    - path: nodes/mattersim/0/MolecularDynamics/frames.xyz
      hash: md5
      md5: 101a538597eb3d51b7522c4002a8bbcf
      size: 2172217
    - path: nodes/mattersim/0/MolecularDynamics/node-meta.json
      hash: md5
      md5: 1d3dfe61bf3855f88992a7f45bee38e1
      size: 64
    - path: nodes/mattersim/0/MolecularDynamics/observer_metrics.json
      hash: md5
      md5: 99d1bc2c8fde362f1c1b8ccf64ceac4c
      size: 28
    - path: nodes/mattersim/0/MolecularDynamics/plots.csv
      hash: md5
      md5: ef19191286cff7a649de10d4c4b87f66
      size: 33565
